
Microsoft Visual Studio Solution File, Format Version 11.00
# Visual Studio 2010
Project("{FAE04EC0-301F-11D3-BF4B-00C04F79EFBC}") = "SHader", "Assembly-CSharp.csproj", "{50205781-2DDE-F55F-5549-0AEC5DB2E374}"
EndProject
Project("{FAE04EC0-301F-11D3-BF4B-00C04F79EFBC}") = "SHader", "Assembly-CSharp-firstpass.csproj", "{AF20121E-40B8-487B-F8A1-A1C4BD996739}"
EndProject
Project("{FAE04EC0-301F-11D3-BF4B-00C04F79EFBC}") = "SHader", "Assembly-CSharp-Editor.csproj", "{373C6EA8-4B0B-4122-A7F2-A39CF63D3669}"
EndProject
Project("{FAE04EC0-301F-11D3-BF4B-00C04F79EFBC}") = "SHader", "Assembly-CSharp-Editor-firstpass.csproj", "{8DD8087B-8620-D644-3360-E89B630A7682}"
EndProject
Global
	GlobalSection(SolutionConfigurationPlatforms) = preSolution
		Debug|Any CPU = Debug|Any CPU
		Release|Any CPU = Release|Any CPU
	EndGlobalSection
	GlobalSection(ProjectConfigurationPlatforms) = postSolution
		{50205781-2DDE-F55F-5549-0AEC5DB2E374}.Debug|Any CPU.ActiveCfg = Debug|Any CPU
		{50205781-2DDE-F55F-5549-0AEC5DB2E374}.Debug|Any CPU.Build.0 = Debug|Any CPU
		{50205781-2DDE-F55F-5549-0AEC5DB2E374}.Release|Any CPU.ActiveCfg = Release|Any CPU
		{50205781-2DDE-F55F-5549-0AEC5DB2E374}.Release|Any CPU.Build.0 = Release|Any CPU
		{AF20121E-40B8-487B-F8A1-A1C4BD996739}.Debug|Any CPU.ActiveCfg = Debug|Any CPU
		{AF20121E-40B8-487B-F8A1-A1C4BD996739}.Debug|Any CPU.Build.0 = Debug|Any CPU
		{AF20121E-40B8-487B-F8A1-A1C4BD996739}.Release|Any CPU.ActiveCfg = Release|Any CPU
		{AF20121E-40B8-487B-F8A1-A1C4BD996739}.Release|Any CPU.Build.0 = Release|Any CPU
		{373C6EA8-4B0B-4122-A7F2-A39CF63D3669}.Debug|Any CPU.ActiveCfg = Debug|Any CPU
		{373C6EA8-4B0B-4122-A7F2-A39CF63D3669}.Debug|Any CPU.Build.0 = Debug|Any CPU
		{373C6EA8-4B0B-4122-A7F2-A39CF63D3669}.Release|Any CPU.ActiveCfg = Release|Any CPU
		{373C6EA8-4B0B-4122-A7F2-A39CF63D3669}.Release|Any CPU.Build.0 = Release|Any CPU
		{8DD8087B-8620-D644-3360-E89B630A7682}.Debug|Any CPU.ActiveCfg = Debug|Any CPU
		{8DD8087B-8620-D644-3360-E89B630A7682}.Debug|Any CPU.Build.0 = Debug|Any CPU
		{8DD8087B-8620-D644-3360-E89B630A7682}.Release|Any CPU.ActiveCfg = Release|Any CPU
		{8DD8087B-8620-D644-3360-E89B630A7682}.Release|Any CPU.Build.0 = Release|Any CPU
	EndGlobalSection
	GlobalSection(SolutionProperties) = preSolution
		HideSolutionNode = FALSE
	EndGlobalSection
	GlobalSection(MonoDevelopProperties) = preSolution
		StartupItem = Assembly-CSharp.csproj
	EndGlobalSection
EndGlobal
